# THIS IS AN AUTOGENERATED FILE. DO NOT EDIT THIS FILE DIRECTLY.
# yarn lockfile v1


bmrequesttype@^0.0.4:
  version "0.0.4"
  resolved "https://registry.yarnpkg.com/bmrequesttype/-/bmrequesttype-0.0.4.tgz#3168a085b4854e69a55261916e56fc8590bf2c3a"
  integrity sha512-FYhatG8D6qO5H5ife+oOvVNUYU7bJFUUE+VwyKvJT4I4CF/hMkmvhbtbhYU7kZ8wjqPttN6Fp8zUOGmLApZBbg==

usb-audio@^0.0.4:
  version "0.0.4"
  resolved "https://registry.yarnpkg.com/usb-audio/-/usb-audio-0.0.4.tgz#4e81176db7db0050ad10ebc93f3564b134ff2087"
  integrity sha512-n8nZx3IpjcvGqXgQUjK+ZoY0aI+fl/rtiFX1wUKwq4PgU8PCYu3axKA9XFkkRL1TwaovJ7yaqrkMuSxxAaEWyg==
